// !$*UTF8*$!
{
	archiveVersion = 1;
	classes = {
	};
	objectVersion = 46;
	objects = {

/* Begin PBXBuildFile section */
		FE0C63B81B801F8D00025144 /* ISTCollectionImageView.m in Sources */ = {isa = PBXBuildFile; fileRef = FE0C63B71B801F8D00025144 /* ISTCollectionImageView.m */; };
		FE0C63BB1B80395C00025144 /* ISTTwoLoopImageView.m in Sources */ = {isa = PBXBuildFile; fileRef = FE0C63BA1B80395C00025144 /* ISTTwoLoopImageView.m */; };
		FECD16E21B79CE5C007DFEDA /* main.m in Sources */ = {isa = PBXBuildFile; fileRef = FECD16E11B79CE5C007DFEDA /* main.m */; };
		FECD16E51B79CE5C007DFEDA /* AppDelegate.m in Sources */ = {isa = PBXBuildFile; fileRef = FECD16E41B79CE5C007DFEDA /* AppDelegate.m */; };
		FECD16E81B79CE5C007DFEDA /* ViewController.m in Sources */ = {isa = PBXBuildFile; fileRef = FECD16E71B79CE5C007DFEDA /* ViewController.m */; };
		FECD16EB1B79CE5C007DFEDA /* Main.storyboard in Resources */ = {isa = PBXBuildFile; fileRef = FECD16E91B79CE5C007DFEDA /* Main.storyboard */; };
		FECD16ED1B79CE5C007DFEDA /* Images.xcassets in Resources */ = {isa = PBXBuildFile; fileRef = FECD16EC1B79CE5C007DFEDA /* Images.xcassets */; };
		FECD16F01B79CE5C007DFEDA /* LaunchScreen.xib in Resources */ = {isa = PBXBuildFile; fileRef = FECD16EE1B79CE5C007DFEDA /* LaunchScreen.xib */; };
		FECD16FC1B79CE5C007DFEDA /* ISTLoopImageViewTests.m in Sources */ = {isa = PBXBuildFile; fileRef = FECD16FB1B79CE5C007DFEDA /* ISTLoopImageViewTests.m */; };
		FEF2D17D1B7A022800BD6340 /* ISTLoopImageView.m in Sources */ = {isa = PBXBuildFile; fileRef = FEF2D17C1B7A022800BD6340 /* ISTLoopImageView.m */; };
/* End PBXBuildFile section */

/* Begin PBXContainerItemProxy section */
		FECD16F61B79CE5C007DFEDA /* PBXContainerItemProxy */ = {
			isa = PBXContainerItemProxy;
			containerPortal = FECD16D41B79CE5C007DFEDA /* Project object */;
			proxyType = 1;
			remoteGlobalIDString = FECD16DB1B79CE5C007DFEDA;
			remoteInfo = ISTLoopImageView;
		};
/* End PBXContainerItemProxy section */

/* Begin PBXFileReference section */
		FE0C63B61B801F8D00025144 /* ISTCollectionImageView.h */ = {isa = PBXFileReference; fileEncoding = 4; lastKnownFileType = sourcecode.c.h; path = ISTCollectionImageView.h; sourceTree = "<group>"; };
		FE0C63B71B801F8D00025144 /* ISTCollectionImageView.m */ = {isa = PBXFileReference; fileEncoding = 4; lastKnownFileType = sourcecode.c.objc; path = ISTCollectionImageView.m; sourceTree = "<group>"; };
		FE0C63B91B80395C00025144 /* ISTTwoLoopImageView.h */ = {isa = PBXFileReference; fileEncoding = 4; lastKnownFileType = sourcecode.c.h; path = ISTTwoLoopImageView.h; sourceTree = "<group>"; };
		FE0C63BA1B80395C00025144 /* ISTTwoLoopImageView.m */ = {isa = PBXFileReference; fileEncoding = 4; lastKnownFileType = sourcecode.c.objc; path = ISTTwoLoopImageView.m; sourceTree = "<group>"; };
		FECD16DC1B79CE5C007DFEDA /* ISTLoopImageView.app */ = {isa = PBXFileReference; explicitFileType = wrapper.application; includeInIndex = 0; path = ISTLoopImageView.app; sourceTree = BUILT_PRODUCTS_DIR; };
		FECD16E01B79CE5C007DFEDA /* Info.plist */ = {isa = PBXFileReference; lastKnownFileType = text.plist.xml; path = Info.plist; sourceTree = "<group>"; };
		FECD16E11B79CE5C007DFEDA /* main.m */ = {isa = PBXFileReference; lastKnownFileType = sourcecode.c.objc; path = main.m; sourceTree = "<group>"; };
		FECD16E31B79CE5C007DFEDA /* AppDelegate.h */ = {isa = PBXFileReference; lastKnownFileType = sourcecode.c.h; path = AppDelegate.h; sourceTree = "<group>"; };
		FECD16E41B79CE5C007DFEDA /* AppDelegate.m */ = {isa = PBXFileReference; lastKnownFileType = sourcecode.c.objc; path = AppDelegate.m; sourceTree = "<group>"; };
		FECD16E61B79CE5C007DFEDA /* ViewController.h */ = {isa = PBXFileReference; lastKnownFileType = sourcecode.c.h; path = ViewController.h; sourceTree = "<group>"; };
		FECD16E71B79CE5C007DFEDA /* ViewController.m */ = {isa = PBXFileReference; lastKnownFileType = sourcecode.c.objc; path = ViewController.m; sourceTree = "<group>"; };
		FECD16EA1B79CE5C007DFEDA /* Base */ = {isa = PBXFileReference; lastKnownFileType = file.storyboard; name = Base; path = Base.lproj/Main.storyboard; sourceTree = "<group>"; };
		FECD16EC1B79CE5C007DFEDA /* Images.xcassets */ = {isa = PBXFileReference; lastKnownFileType = folder.assetcatalog; path = Images.xcassets; sourceTree = "<group>"; };
		FECD16EF1B79CE5C007DFEDA /* Base */ = {isa = PBXFileReference; lastKnownFileType = file.xib; name = Base; path = Base.lproj/LaunchScreen.xib; sourceTree = "<group>"; };
		FECD16F51B79CE5C007DFEDA /* ISTLoopImageViewTests.xctest */ = {isa = PBXFileReference; explicitFileType = wrapper.cfbundle; includeInIndex = 0; path = ISTLoopImageViewTests.xctest; sourceTree = BUILT_PRODUCTS_DIR; };
		FECD16FA1B79CE5C007DFEDA /* Info.plist */ = {isa = PBXFileReference; lastKnownFileType = text.plist.xml; path = Info.plist; sourceTree = "<group>"; };
		FECD16FB1B79CE5C007DFEDA /* ISTLoopImageViewTests.m */ = {isa = PBXFileReference; lastKnownFileType = sourcecode.c.objc; path = ISTLoopImageViewTests.m; sourceTree = "<group>"; };
		FEF2D17B1B7A022800BD6340 /* ISTLoopImageView.h */ = {isa = PBXFileReference; fileEncoding = 4; lastKnownFileType = sourcecode.c.h; path = ISTLoopImageView.h; sourceTree = "<group>"; };
		FEF2D17C1B7A022800BD6340 /* ISTLoopImageView.m */ = {isa = PBXFileReference; fileEncoding = 4; lastKnownFileType = sourcecode.c.objc; path = ISTLoopImageView.m; sourceTree = "<group>"; };
/* End PBXFileReference section */

/* Begin PBXFrameworksBuildPhase section */
		FECD16D91B79CE5C007DFEDA /* Frameworks */ = {
			isa = PBXFrameworksBuildPhase;
			buildActionMask = 2147483647;
			files = (
			);
			runOnlyForDeploymentPostprocessing = 0;
		};
		FECD16F21B79CE5C007DFEDA /* Frameworks */ = {
			isa = PBXFrameworksBuildPhase;
			buildActionMask = 2147483647;
			files = (
			);
			runOnlyForDeploymentPostprocessing = 0;
		};
/* End PBXFrameworksBuildPhase section */

/* Begin PBXGroup section */
		FECD16D31B79CE5C007DFEDA = {
			isa = PBXGroup;
			children = (
				FECD16DE1B79CE5C007DFEDA /* ISTLoopImageView */,
				FECD16F81B79CE5C007DFEDA /* ISTLoopImageViewTests */,
				FECD16DD1B79CE5C007DFEDA /* Products */,
			);
			sourceTree = "<group>";
		};
		FECD16DD1B79CE5C007DFEDA /* Products */ = {
			isa = PBXGroup;
			children = (
				FECD16DC1B79CE5C007DFEDA /* ISTLoopImageView.app */,
				FECD16F51B79CE5C007DFEDA /* ISTLoopImageViewTests.xctest */,
			);
			name = Products;
			sourceTree = "<group>";
		};
		FECD16DE1B79CE5C007DFEDA /* ISTLoopImageView */ = {
			isa = PBXGroup;
			children = (
				FEF2D1791B7A020700BD6340 /* ISTLoopImageView */,
				FEF2D1781B7A020700BD6340 /* ISTCollectionVIew */,
				FEF2D17A1B7A020700BD6340 /* ISTTwoImageView */,
				FECD16E61B79CE5C007DFEDA /* ViewController.h */,
				FECD16E71B79CE5C007DFEDA /* ViewController.m */,
				FECD16E91B79CE5C007DFEDA /* Main.storyboard */,
				FECD16EC1B79CE5C007DFEDA /* Images.xcassets */,
				FECD16DF1B79CE5C007DFEDA /* Supporting Files */,
			);
			path = ISTLoopImageView;
			sourceTree = "<group>";
		};
		FECD16DF1B79CE5C007DFEDA /* Supporting Files */ = {
			isa = PBXGroup;
			children = (
				FECD16EE1B79CE5C007DFEDA /* LaunchScreen.xib */,
				FECD16E31B79CE5C007DFEDA /* AppDelegate.h */,
				FECD16E41B79CE5C007DFEDA /* AppDelegate.m */,
				FECD16E01B79CE5C007DFEDA /* Info.plist */,
				FECD16E11B79CE5C007DFEDA /* main.m */,
			);
			name = "Supporting Files";
			sourceTree = "<group>";
		};
		FECD16F81B79CE5C007DFEDA /* ISTLoopImageViewTests */ = {
			isa = PBXGroup;
			children = (
				FECD16FB1B79CE5C007DFEDA /* ISTLoopImageViewTests.m */,
				FECD16F91B79CE5C007DFEDA /* Supporting Files */,
			);
			path = ISTLoopImageViewTests;
			sourceTree = "<group>";
		};
		FECD16F91B79CE5C007DFEDA /* Supporting Files */ = {
			isa = PBXGroup;
			children = (
				FECD16FA1B79CE5C007DFEDA /* Info.plist */,
			);
			name = "Supporting Files";
			sourceTree = "<group>";
		};
		FEF2D1781B7A020700BD6340 /* ISTCollectionVIew */ = {
			isa = PBXGroup;
			children = (
				FE0C63B61B801F8D00025144 /* ISTCollectionImageView.h */,
				FE0C63B71B801F8D00025144 /* ISTCollectionImageView.m */,
			);
			path = ISTCollectionVIew;
			sourceTree = "<group>";
		};
		FEF2D1791B7A020700BD6340 /* ISTLoopImageView */ = {
			isa = PBXGroup;
			children = (
				FEF2D17B1B7A022800BD6340 /* ISTLoopImageView.h */,
				FEF2D17C1B7A022800BD6340 /* ISTLoopImageView.m */,
			);
			path = ISTLoopImageView;
			sourceTree = "<group>";
		};
		FEF2D17A1B7A020700BD6340 /* ISTTwoImageView */ = {
			isa = PBXGroup;
			children = (
				FE0C63B91B80395C00025144 /* ISTTwoLoopImageView.h */,
				FE0C63BA1B80395C00025144 /* ISTTwoLoopImageView.m */,
			);
			path = ISTTwoImageView;
			sourceTree = "<group>";
		};
/* End PBXGroup section */

/* Begin PBXNativeTarget section */
		FECD16DB1B79CE5C007DFEDA /* ISTLoopImageView */ = {
			isa = PBXNativeTarget;
			buildConfigurationList = FECD16FF1B79CE5C007DFEDA /* Build configuration list for PBXNativeTarget "ISTLoopImageView" */;
			buildPhases = (
				FECD16D81B79CE5C007DFEDA /* Sources */,
				FECD16D91B79CE5C007DFEDA /* Frameworks */,
				FECD16DA1B79CE5C007DFEDA /* Resources */,
			);
			buildRules = (
			);
			dependencies = (
			);
			name = ISTLoopImageView;
			productName = ISTLoopImageView;
			productReference = FECD16DC1B79CE5C007DFEDA /* ISTLoopImageView.app */;
			productType = "com.apple.product-type.application";
		};
		FECD16F41B79CE5C007DFEDA /* ISTLoopImageViewTests */ = {
			isa = PBXNativeTarget;
			buildConfigurationList = FECD17021B79CE5C007DFEDA /* Build configuration list for PBXNativeTarget "ISTLoopImageViewTests" */;
			buildPhases = (
				FECD16F11B79CE5C007DFEDA /* Sources */,
				FECD16F21B79CE5C007DFEDA /* Frameworks */,
				FECD16F31B79CE5C007DFEDA /* Resources */,
			);
			buildRules = (
			);
			dependencies = (
				FECD16F71B79CE5C007DFEDA /* PBXTargetDependency */,
			);
			name = ISTLoopImageViewTests;
			productName = ISTLoopImageViewTests;
			productReference = FECD16F51B79CE5C007DFEDA /* ISTLoopImageViewTests.xctest */;
			productType = "com.apple.product-type.bundle.unit-test";
		};
/* End PBXNativeTarget section */

/* Begin PBXProject section */
		FECD16D41B79CE5C007DFEDA /* Project object */ = {
			isa = PBXProject;
			attributes = {
				LastUpgradeCheck = 0640;
				ORGANIZATIONNAME = "HangZhou DeLan Technology Co.";
				TargetAttributes = {
					FECD16DB1B79CE5C007DFEDA = {
						CreatedOnToolsVersion = 6.4;
					};
					FECD16F41B79CE5C007DFEDA = {
						CreatedOnToolsVersion = 6.4;
						TestTargetID = FECD16DB1B79CE5C007DFEDA;
					};
				};
			};
			buildConfigurationList = FECD16D71B79CE5C007DFEDA /* Build configuration list for PBXProject "ISTLoopImageView" */;
			compatibilityVersion = "Xcode 3.2";
			developmentRegion = English;
			hasScannedForEncodings = 0;
			knownRegions = (
				en,
				Base,
			);
			mainGroup = FECD16D31B79CE5C007DFEDA;
			productRefGroup = FECD16DD1B79CE5C007DFEDA /* Products */;
			projectDirPath = "";
			projectRoot = "";
			targets = (
				FECD16DB1B79CE5C007DFEDA /* ISTLoopImageView */,
				FECD16F41B79CE5C007DFEDA /* ISTLoopImageViewTests */,
			);
		};
/* End PBXProject section */

/* Begin PBXResourcesBuildPhase section */
		FECD16DA1B79CE5C007DFEDA /* Resources */ = {
			isa = PBXResourcesBuildPhase;
			buildActionMask = 2147483647;
			files = (
				FECD16EB1B79CE5C007DFEDA /* Main.storyboard in Resources */,
				FECD16F01B79CE5C007DFEDA /* LaunchScreen.xib in Resources */,
				FECD16ED1B79CE5C007DFEDA /* Images.xcassets in Resources */,
			);
			runOnlyForDeploymentPostprocessing = 0;
		};
		FECD16F31B79CE5C007DFEDA /* Resources */ = {
			isa = PBXResourcesBuildPhase;
			buildActionMask = 2147483647;
			files = (
			);
			runOnlyForDeploymentPostprocessing = 0;
		};
/* End PBXResourcesBuildPhase section */

/* Begin PBXSourcesBuildPhase section */
		FECD16D81B79CE5C007DFEDA /* Sources */ = {
			isa = PBXSourcesBuildPhase;
			buildActionMask = 2147483647;
			files = (
				FE0C63BB1B80395C00025144 /* ISTTwoLoopImageView.m in Sources */,
				FECD16E81B79CE5C007DFEDA /* ViewController.m in Sources */,
				FEF2D17D1B7A022800BD6340 /* ISTLoopImageView.m in Sources */,
				FECD16E51B79CE5C007DFEDA /* AppDelegate.m in Sources */,
				FE0C63B81B801F8D00025144 /* ISTCollectionImageView.m in Sources */,
				FECD16E21B79CE5C007DFEDA /* main.m in Sources */,
			);
			runOnlyForDeploymentPostprocessing = 0;
		};
		FECD16F11B79CE5C007DFEDA /* Sources */ = {
			isa = PBXSourcesBuildPhase;
			buildActionMask = 2147483647;
			files = (
				FECD16FC1B79CE5C007DFEDA /* ISTLoopImageViewTests.m in Sources */,
			);
			runOnlyForDeploymentPostprocessing = 0;
		};
/* End PBXSourcesBuildPhase section */

/* Begin PBXTargetDependency section */
		FECD16F71B79CE5C007DFEDA /* PBXTargetDependency */ = {
			isa = PBXTargetDependency;
			target = FECD16DB1B79CE5C007DFEDA /* ISTLoopImageView */;
			targetProxy = FECD16F61B79CE5C007DFEDA /* PBXContainerItemProxy */;
		};
/* End PBXTargetDependency section */

/* Begin PBXVariantGroup section */
		FECD16E91B79CE5C007DFEDA /* Main.storyboard */ = {
			isa = PBXVariantGroup;
			children = (
				FECD16EA1B79CE5C007DFEDA /* Base */,
			);
			name = Main.storyboard;
			sourceTree = "<group>";
		};
		FECD16EE1B79CE5C007DFEDA /* LaunchScreen.xib */ = {
			isa = PBXVariantGroup;
			children = (
				FECD16EF1B79CE5C007DFEDA /* Base */,
			);
			name = LaunchScreen.xib;
			sourceTree = "<group>";
		};
/* End PBXVariantGroup section */

/* Begin XCBuildConfiguration section */
		FECD16FD1B79CE5C007DFEDA /* Debug */ = {
			isa = XCBuildConfiguration;
			buildSettings = {
				ALWAYS_SEARCH_USER_PATHS = NO;
				CLANG_CXX_LANGUAGE_STANDARD = "gnu++0x";
				CLANG_CXX_LIBRARY = "libc++";
				CLANG_ENABLE_MODULES = YES;
				CLANG_ENABLE_OBJC_ARC = YES;
				CLANG_WARN_BOOL_CONVERSION = YES;
				CLANG_WARN_CONSTANT_CONVERSION = YES;
				CLANG_WARN_DIRECT_OBJC_ISA_USAGE = YES_ERROR;
				CLANG_WARN_EMPTY_BODY = YES;
				CLANG_WARN_ENUM_CONVERSION = YES;
				CLANG_WARN_INT_CONVERSION = YES;
				CLANG_WARN_OBJC_ROOT_CLASS = YES_ERROR;
				CLANG_WARN_UNREACHABLE_CODE = YES;
				CLANG_WARN__DUPLICATE_METHOD_MATCH = YES;
				"CODE_SIGN_IDENTITY[sdk=iphoneos*]" = "iPhone Developer";
				COPY_PHASE_STRIP = NO;
				DEBUG_INFORMATION_FORMAT = "dwarf-with-dsym";
				ENABLE_STRICT_OBJC_MSGSEND = YES;
				GCC_C_LANGUAGE_STANDARD = gnu99;
				GCC_DYNAMIC_NO_PIC = NO;
				GCC_NO_COMMON_BLOCKS = YES;
				GCC_OPTIMIZATION_LEVEL = 0;
				GCC_PREPROCESSOR_DEFINITIONS = (
					"DEBUG=1",
					"$(inherited)",
				);
				GCC_SYMBOLS_PRIVATE_EXTERN = NO;
				GCC_WARN_64_TO_32_BIT_CONVERSION = YES;
				GCC_WARN_ABOUT_RETURN_TYPE = YES_ERROR;
				GCC_WARN_UNDECLARED_SELECTOR = YES;
				GCC_WARN_UNINITIALIZED_AUTOS = YES_AGGRESSIVE;
				GCC_WARN_UNUSED_FUNCTION = YES;
				GCC_WARN_UNUSED_VARIABLE = YES;
				IPHONEOS_DEPLOYMENT_TARGET = 8.4;
				MTL_ENABLE_DEBUG_INFO = YES;
				ONLY_ACTIVE_ARCH = YES;
				SDKROOT = iphoneos;
				TARGETED_DEVICE_FAMILY = "1,2";
			};
			name = Debug;
		};
		FECD16FE1B79CE5C007DFEDA /* Release */ = {
			isa = XCBuildConfiguration;
			buildSettings = {
				ALWAYS_SEARCH_USER_PATHS = NO;
				CLANG_CXX_LANGUAGE_STANDARD = "gnu++0x";
				CLANG_CXX_LIBRARY = "libc++";
				CLANG_ENABLE_MODULES = YES;
				CLANG_ENABLE_OBJC_ARC = YES;
				CLANG_WARN_BOOL_CONVERSION = YES;
				CLANG_WARN_CONSTANT_CONVERSION = YES;
				CLANG_WARN_DIRECT_OBJC_ISA_USAGE = YES_ERROR;
				CLANG_WARN_EMPTY_BODY = YES;
				CLANG_WARN_ENUM_CONVERSION = YES;
				CLANG_WARN_INT_CONVERSION = YES;
				CLANG_WARN_OBJC_ROOT_CLASS = YES_ERROR;
				CLANG_WARN_UNREACHABLE_CODE = YES;
				CLANG_WARN__DUPLICATE_METHOD_MATCH = YES;
				"CODE_SIGN_IDENTITY[sdk=iphoneos*]" = "iPhone Developer";
				COPY_PHASE_STRIP = NO;
				DEBUG_INFORMATION_FORMAT = "dwarf-with-dsym";
				ENABLE_NS_ASSERTIONS = NO;
				ENABLE_STRICT_OBJC_MSGSEND = YES;
				GCC_C_LANGUAGE_STANDARD = gnu99;
				GCC_NO_COMMON_BLOCKS = YES;
				GCC_WARN_64_TO_32_BIT_CONVERSION = YES;
				GCC_WARN_ABOUT_RETURN_TYPE = YES_ERROR;
				GCC_WARN_UNDECLARED_SELECTOR = YES;
				GCC_WARN_UNINITIALIZED_AUTOS = YES_AGGRESSIVE;
				GCC_WARN_UNUSED_FUNCTION = YES;
				GCC_WARN_UNUSED_VARIABLE = YES;
				IPHONEOS_DEPLOYMENT_TARGET = 8.4;
				MTL_ENABLE_DEBUG_INFO = NO;
				SDKROOT = iphoneos;
				TARGETED_DEVICE_FAMILY = "1,2";
				VALIDATE_PRODUCT = YES;
			};
			name = Release;
		};
		FECD17001B79CE5C007DFEDA /* Debug */ = {
			isa = XCBuildConfiguration;
			buildSettings = {
				ASSETCATALOG_COMPILER_APPICON_NAME = AppIcon;
				INFOPLIST_FILE = ISTLoopImageView/Info.plist;
				LD_RUNPATH_SEARCH_PATHS = "$(inherited) @executable_path/Frameworks";
				PRODUCT_NAME = "$(TARGET_NAME)";
			};
			name = Debug;
		};
		FECD17011B79CE5C007DFEDA /* Release */ = {
			isa = XCBuildConfiguration;
			buildSettings = {
				ASSETCATALOG_COMPILER_APPICON_NAME = AppIcon;
				INFOPLIST_FILE = ISTLoopImageView/Info.plist;
				LD_RUNPATH_SEARCH_PATHS = "$(inherited) @executable_path/Frameworks";
				PRODUCT_NAME = "$(TARGET_NAME)";
			};
			name = Release;
		};
		FECD17031B79CE5C007DFEDA /* Debug */ = {
			isa = XCBuildConfiguration;
			buildSettings = {
				BUNDLE_LOADER = "$(TEST_HOST)";
				FRAMEWORK_SEARCH_PATHS = (
					"$(SDKROOT)/Developer/Library/Frameworks",
					"$(inherited)",
				);
				GCC_PREPROCESSOR_DEFINITIONS = (
					"DEBUG=1",
					"$(inherited)",
				);
				INFOPLIST_FILE = ISTLoopImageViewTests/Info.plist;
				LD_RUNPATH_SEARCH_PATHS = "$(inherited) @executable_path/Frameworks @loader_path/Frameworks";
				PRODUCT_NAME = "$(TARGET_NAME)";
				TEST_HOST = "$(BUILT_PRODUCTS_DIR)/ISTLoopImageView.app/ISTLoopImageView";
			};
			name = Debug;
		};
		FECD17041B79CE5C007DFEDA /* Release */ = {
			isa = XCBuildConfiguration;
			buildSettings = {
				BUNDLE_LOADER = "$(TEST_HOST)";
				FRAMEWORK_SEARCH_PATHS = (
					"$(SDKROOT)/Developer/Library/Frameworks",
					"$(inherited)",
				);
				INFOPLIST_FILE = ISTLoopImageViewTests/Info.plist;
				LD_RUNPATH_SEARCH_PATHS = "$(inherited) @executable_path/Frameworks @loader_path/Frameworks";
				PRODUCT_NAME = "$(TARGET_NAME)";
				TEST_HOST = "$(BUILT_PRODUCTS_DIR)/ISTLoopImageView.app/ISTLoopImageView";
			};
			name = Release;
		};
/* End XCBuildConfiguration section */

/* Begin XCConfigurationList section */
		FECD16D71B79CE5C007DFEDA /* Build configuration list for PBXProject "ISTLoopImageView" */ = {
			isa = XCConfigurationList;
			buildConfigurations = (
				FECD16FD1B79CE5C007DFEDA /* Debug */,
				FECD16FE1B79CE5C007DFEDA /* Release */,
			);
			defaultConfigurationIsVisible = 0;
			defaultConfigurationName = Release;
		};
		FECD16FF1B79CE5C007DFEDA /* Build configuration list for PBXNativeTarget "ISTLoopImageView" */ = {
			isa = XCConfigurationList;
			buildConfigurations = (
				FECD17001B79CE5C007DFEDA /* Debug */,
				FECD17011B79CE5C007DFEDA /* Release */,
			);
			defaultConfigurationIsVisible = 0;
			defaultConfigurationName = Release;
		};
		FECD17021B79CE5C007DFEDA /* Build configuration list for PBXNativeTarget "ISTLoopImageViewTests" */ = {
			isa = XCConfigurationList;
			buildConfigurations = (
				FECD17031B79CE5C007DFEDA /* Debug */,
				FECD17041B79CE5C007DFEDA /* Release */,
			);
			defaultConfigurationIsVisible = 0;
			defaultConfigurationName = Release;
		};
/* End XCConfigurationList section */
	};
	rootObject = FECD16D41B79CE5C007DFEDA /* Project object */;
}
